
Microsoft Visual Studio Solution File, Format Version 12.00
# Visual Studio Version 16
VisualStudioVersion = 16.0.29503.13
MinimumVisualStudioVersion = 10.0.40219.1
Project("{FAE04EC0-301F-11D3-BF4B-00C04F79EFBC}") = "Client", "Client\Client.csproj", "{436FB1EA-873C-4584-89E1-91757C89CE79}"
EndProject
Project("{FAE04EC0-301F-11D3-BF4B-00C04F79EFBC}") = "BLL", "BLL\BLL.csproj", "{8A031295-D8F6-4A36-A32C-34A0765DF1C1}"
EndProject
Project("{FAE04EC0-301F-11D3-BF4B-00C04F79EFBC}") = "DAL", "DAL\DAL.csproj", "{F31755A4-5A09-49F4-AB33-F0671DB7FBC2}"
EndProject
Project("{FAE04EC0-301F-11D3-BF4B-00C04F79EFBC}") = "UnitTests", "UnitTests\UnitTests\UnitTests.csproj", "{BED92AAD-D86D-4974-BC0B-868D8D0A4528}"
EndProject
Global
	GlobalSection(SolutionConfigurationPlatforms) = preSolution
		Debug|Any CPU = Debug|Any CPU
		Release|Any CPU = Release|Any CPU
	EndGlobalSection
	GlobalSection(ProjectConfigurationPlatforms) = postSolution
		{436FB1EA-873C-4584-89E1-91757C89CE79}.Debug|Any CPU.ActiveCfg = Debug|Any CPU
		{436FB1EA-873C-4584-89E1-91757C89CE79}.Debug|Any CPU.Build.0 = Debug|Any CPU
		{436FB1EA-873C-4584-89E1-91757C89CE79}.Release|Any CPU.ActiveCfg = Release|Any CPU
		{436FB1EA-873C-4584-89E1-91757C89CE79}.Release|Any CPU.Build.0 = Release|Any CPU
		{8A031295-D8F6-4A36-A32C-34A0765DF1C1}.Debug|Any CPU.ActiveCfg = Debug|Any CPU
		{8A031295-D8F6-4A36-A32C-34A0765DF1C1}.Debug|Any CPU.Build.0 = Debug|Any CPU
		{8A031295-D8F6-4A36-A32C-34A0765DF1C1}.Release|Any CPU.ActiveCfg = Release|Any CPU
		{8A031295-D8F6-4A36-A32C-34A0765DF1C1}.Release|Any CPU.Build.0 = Release|Any CPU
		{F31755A4-5A09-49F4-AB33-F0671DB7FBC2}.Debug|Any CPU.ActiveCfg = Debug|Any CPU
		{F31755A4-5A09-49F4-AB33-F0671DB7FBC2}.Debug|Any CPU.Build.0 = Debug|Any CPU
		{F31755A4-5A09-49F4-AB33-F0671DB7FBC2}.Release|Any CPU.ActiveCfg = Release|Any CPU
		{F31755A4-5A09-49F4-AB33-F0671DB7FBC2}.Release|Any CPU.Build.0 = Release|Any CPU
		{BED92AAD-D86D-4974-BC0B-868D8D0A4528}.Debug|Any CPU.ActiveCfg = Debug|Any CPU
		{BED92AAD-D86D-4974-BC0B-868D8D0A4528}.Debug|Any CPU.Build.0 = Debug|Any CPU
		{BED92AAD-D86D-4974-BC0B-868D8D0A4528}.Release|Any CPU.ActiveCfg = Release|Any CPU
		{BED92AAD-D86D-4974-BC0B-868D8D0A4528}.Release|Any CPU.Build.0 = Release|Any CPU
	EndGlobalSection
	GlobalSection(SolutionProperties) = preSolution
		HideSolutionNode = FALSE
	EndGlobalSection
	GlobalSection(ExtensibilityGlobals) = postSolution
		SolutionGuid = {8E0F7C39-7DE1-4292-8223-C71359525D59}
	EndGlobalSection
EndGlobal
